
Microsoft Visual Studio Solution File, Format Version 12.00
# Visual Studio Version 17
VisualStudioVersion = 17.3.32929.385
MinimumVisualStudioVersion = 10.0.40219.1
Project("{FAE04EC0-301F-11D3-BF4B-00C04F79EFBC}") = "EjemploCrud", "EjemploCrud.csproj", "{95A5F1A1-7F6B-438B-9E87-C0DC7056FC3A}"
EndProject
Global
	GlobalSection(SolutionConfigurationPlatforms) = preSolution
		Debug|Any CPU = Debug|Any CPU
		Release|Any CPU = Release|Any CPU
	EndGlobalSection
	GlobalSection(ProjectConfigurationPlatforms) = postSolution
		{95A5F1A1-7F6B-438B-9E87-C0DC7056FC3A}.Debug|Any CPU.ActiveCfg = Debug|Any CPU
		{95A5F1A1-7F6B-438B-9E87-C0DC7056FC3A}.Debug|Any CPU.Build.0 = Debug|Any CPU
		{95A5F1A1-7F6B-438B-9E87-C0DC7056FC3A}.Release|Any CPU.ActiveCfg = Release|Any CPU
		{95A5F1A1-7F6B-438B-9E87-C0DC7056FC3A}.Release|Any CPU.Build.0 = Release|Any CPU
	EndGlobalSection
	GlobalSection(SolutionProperties) = preSolution
		HideSolutionNode = FALSE
	EndGlobalSection
	GlobalSection(ExtensibilityGlobals) = postSolution
		SolutionGuid = {CAC37DBA-EF46-4B33-A9AF-2D66F55BE353}
	EndGlobalSection
EndGlobal
